
Microsoft Visual Studio Solution File, Format Version 12.00
# Visual Studio 2012
Project("{FAE04EC0-301F-11D3-BF4B-00C04F79EFBC}") = "Chechere.WebSite", "Chechere.WebSite\Chechere.WebSite.csproj", "{ED205FB7-601A-480A-9C21-270EEDB4EBDF}"
EndProject
Global
	GlobalSection(SolutionConfigurationPlatforms) = preSolution
		Debug|Any CPU = Debug|Any CPU
		Release|Any CPU = Release|Any CPU
	EndGlobalSection
	GlobalSection(ProjectConfigurationPlatforms) = postSolution
		{ED205FB7-601A-480A-9C21-270EEDB4EBDF}.Debug|Any CPU.ActiveCfg = Debug|Any CPU
		{ED205FB7-601A-480A-9C21-270EEDB4EBDF}.Debug|Any CPU.Build.0 = Debug|Any CPU
		{ED205FB7-601A-480A-9C21-270EEDB4EBDF}.Release|Any CPU.ActiveCfg = Release|Any CPU
		{ED205FB7-601A-480A-9C21-270EEDB4EBDF}.Release|Any CPU.Build.0 = Release|Any CPU
	EndGlobalSection
	GlobalSection(SolutionProperties) = preSolution
		HideSolutionNode = FALSE
	EndGlobalSection
EndGlobal
